
Microsoft Visual Studio Solution File, Format Version 12.00
# Visual Studio Version 17
VisualStudioVersion = 17.0.31903.59
MinimumVisualStudioVersion = 10.0.40219.1
Project("{2150E333-8FDC-42A3-9474-1A3956D46DE8}") = "Services", "Services", "{5854FF58-B8C5-05C6-5BF2-ACE42193F22B}"
EndProject
Project("{FAE04EC0-301F-11D3-BF4B-00C04F79EFBC}") = "AuthService", "Services\AuthService\AuthService.csproj", "{86507FF1-B5D1-410A-BADD-6D9DA1069913}"
EndProject
Project("{FAE04EC0-301F-11D3-BF4B-00C04F79EFBC}") = "ProductService", "Services\ProductService\ProductService.csproj", "{0E020BE3-6933-4C9D-BC16-6ACFD200AB73}"
EndProject
Project("{FAE04EC0-301F-11D3-BF4B-00C04F79EFBC}") = "OrderService", "Services\OrderService\OrderService.csproj", "{07C64879-08E8-44D5-95B1-D981298DC788}"
EndProject
Project("{FAE04EC0-301F-11D3-BF4B-00C04F79EFBC}") = "SupplierService", "Services\SupplierService\SupplierService.csproj", "{B00BE975-67DF-439A-9F5C-ADBBC2D839B8}"
EndProject
Project("{2150E333-8FDC-42A3-9474-1A3956D46DE8}") = "Shared", "Shared", "{4F52FD11-658E-A102-6CD3-7D7C16FFA15B}"
EndProject
Project("{FAE04EC0-301F-11D3-BF4B-00C04F79EFBC}") = "SharedKernel", "Shared\SharedKernel\SharedKernel.csproj", "{5DE89434-5ED2-410B-9309-AC4038DF89EA}"
EndProject
Project("{2150E333-8FDC-42A3-9474-1A3956D46DE8}") = "Client", "Client", "{2CB42F12-E813-91B3-7D11-3220E40BEF4A}"
EndProject
Project("{FAE04EC0-301F-11D3-BF4B-00C04F79EFBC}") = "Inventory.WPF", "Client\Inventory.WPF\Inventory.WPF.csproj", "{3661D318-DFF0-4B77-AA30-981ED83555DA}"
EndProject
Global
	GlobalSection(SolutionConfigurationPlatforms) = preSolution
		Debug|Any CPU = Debug|Any CPU
		Debug|x64 = Debug|x64
		Debug|x86 = Debug|x86
		Release|Any CPU = Release|Any CPU
		Release|x64 = Release|x64
		Release|x86 = Release|x86
	EndGlobalSection
	GlobalSection(ProjectConfigurationPlatforms) = postSolution
		{86507FF1-B5D1-410A-BADD-6D9DA1069913}.Debug|Any CPU.ActiveCfg = Debug|Any CPU
		{86507FF1-B5D1-410A-BADD-6D9DA1069913}.Debug|Any CPU.Build.0 = Debug|Any CPU
		{86507FF1-B5D1-410A-BADD-6D9DA1069913}.Debug|x64.ActiveCfg = Debug|Any CPU
		{86507FF1-B5D1-410A-BADD-6D9DA1069913}.Debug|x64.Build.0 = Debug|Any CPU
		{86507FF1-B5D1-410A-BADD-6D9DA1069913}.Debug|x86.ActiveCfg = Debug|Any CPU
		{86507FF1-B5D1-410A-BADD-6D9DA1069913}.Debug|x86.Build.0 = Debug|Any CPU
		{86507FF1-B5D1-410A-BADD-6D9DA1069913}.Release|Any CPU.ActiveCfg = Release|Any CPU
		{86507FF1-B5D1-410A-BADD-6D9DA1069913}.Release|Any CPU.Build.0 = Release|Any CPU
		{86507FF1-B5D1-410A-BADD-6D9DA1069913}.Release|x64.ActiveCfg = Release|Any CPU
		{86507FF1-B5D1-410A-BADD-6D9DA1069913}.Release|x64.Build.0 = Release|Any CPU
		{86507FF1-B5D1-410A-BADD-6D9DA1069913}.Release|x86.ActiveCfg = Release|Any CPU
		{86507FF1-B5D1-410A-BADD-6D9DA1069913}.Release|x86.Build.0 = Release|Any CPU
		{0E020BE3-6933-4C9D-BC16-6ACFD200AB73}.Debug|Any CPU.ActiveCfg = Debug|Any CPU
		{0E020BE3-6933-4C9D-BC16-6ACFD200AB73}.Debug|Any CPU.Build.0 = Debug|Any CPU
		{0E020BE3-6933-4C9D-BC16-6ACFD200AB73}.Debug|x64.ActiveCfg = Debug|Any CPU
		{0E020BE3-6933-4C9D-BC16-6ACFD200AB73}.Debug|x64.Build.0 = Debug|Any CPU
		{0E020BE3-6933-4C9D-BC16-6ACFD200AB73}.Debug|x86.ActiveCfg = Debug|Any CPU
		{0E020BE3-6933-4C9D-BC16-6ACFD200AB73}.Debug|x86.Build.0 = Debug|Any CPU
		{0E020BE3-6933-4C9D-BC16-6ACFD200AB73}.Release|Any CPU.ActiveCfg = Release|Any CPU
		{0E020BE3-6933-4C9D-BC16-6ACFD200AB73}.Release|Any CPU.Build.0 = Release|Any CPU
		{0E020BE3-6933-4C9D-BC16-6ACFD200AB73}.Release|x64.ActiveCfg = Release|Any CPU
		{0E020BE3-6933-4C9D-BC16-6ACFD200AB73}.Release|x64.Build.0 = Release|Any CPU
		{0E020BE3-6933-4C9D-BC16-6ACFD200AB73}.Release|x86.ActiveCfg = Release|Any CPU
		{0E020BE3-6933-4C9D-BC16-6ACFD200AB73}.Release|x86.Build.0 = Release|Any CPU
		{07C64879-08E8-44D5-95B1-D981298DC788}.Debug|Any CPU.ActiveCfg = Debug|Any CPU
		{07C64879-08E8-44D5-95B1-D981298DC788}.Debug|Any CPU.Build.0 = Debug|Any CPU
		{07C64879-08E8-44D5-95B1-D981298DC788}.Debug|x64.ActiveCfg = Debug|Any CPU
		{07C64879-08E8-44D5-95B1-D981298DC788}.Debug|x64.Build.0 = Debug|Any CPU
		{07C64879-08E8-44D5-95B1-D981298DC788}.Debug|x86.ActiveCfg = Debug|Any CPU
		{07C64879-08E8-44D5-95B1-D981298DC788}.Debug|x86.Build.0 = Debug|Any CPU
		{07C64879-08E8-44D5-95B1-D981298DC788}.Release|Any CPU.ActiveCfg = Release|Any CPU
		{07C64879-08E8-44D5-95B1-D981298DC788}.Release|Any CPU.Build.0 = Release|Any CPU
		{07C64879-08E8-44D5-95B1-D981298DC788}.Release|x64.ActiveCfg = Release|Any CPU
		{07C64879-08E8-44D5-95B1-D981298DC788}.Release|x64.Build.0 = Release|Any CPU
		{07C64879-08E8-44D5-95B1-D981298DC788}.Release|x86.ActiveCfg = Release|Any CPU
		{07C64879-08E8-44D5-95B1-D981298DC788}.Release|x86.Build.0 = Release|Any CPU
		{B00BE975-67DF-439A-9F5C-ADBBC2D839B8}.Debug|Any CPU.ActiveCfg = Debug|Any CPU
		{B00BE975-67DF-439A-9F5C-ADBBC2D839B8}.Debug|Any CPU.Build.0 = Debug|Any CPU
		{B00BE975-67DF-439A-9F5C-ADBBC2D839B8}.Debug|x64.ActiveCfg = Debug|Any CPU
		{B00BE975-67DF-439A-9F5C-ADBBC2D839B8}.Debug|x64.Build.0 = Debug|Any CPU
		{B00BE975-67DF-439A-9F5C-ADBBC2D839B8}.Debug|x86.ActiveCfg = Debug|Any CPU
		{B00BE975-67DF-439A-9F5C-ADBBC2D839B8}.Debug|x86.Build.0 = Debug|Any CPU
		{B00BE975-67DF-439A-9F5C-ADBBC2D839B8}.Release|Any CPU.ActiveCfg = Release|Any CPU
		{B00BE975-67DF-439A-9F5C-ADBBC2D839B8}.Release|Any CPU.Build.0 = Release|Any CPU
		{B00BE975-67DF-439A-9F5C-ADBBC2D839B8}.Release|x64.ActiveCfg = Release|Any CPU
		{B00BE975-67DF-439A-9F5C-ADBBC2D839B8}.Release|x64.Build.0 = Release|Any CPU
		{B00BE975-67DF-439A-9F5C-ADBBC2D839B8}.Release|x86.ActiveCfg = Release|Any CPU
		{B00BE975-67DF-439A-9F5C-ADBBC2D839B8}.Release|x86.Build.0 = Release|Any CPU
		{5DE89434-5ED2-410B-9309-AC4038DF89EA}.Debug|Any CPU.ActiveCfg = Debug|Any CPU
		{5DE89434-5ED2-410B-9309-AC4038DF89EA}.Debug|Any CPU.Build.0 = Debug|Any CPU
		{5DE89434-5ED2-410B-9309-AC4038DF89EA}.Debug|x64.ActiveCfg = Debug|Any CPU
		{5DE89434-5ED2-410B-9309-AC4038DF89EA}.Debug|x64.Build.0 = Debug|Any CPU
		{5DE89434-5ED2-410B-9309-AC4038DF89EA}.Debug|x86.ActiveCfg = Debug|Any CPU
		{5DE89434-5ED2-410B-9309-AC4038DF89EA}.Debug|x86.Build.0 = Debug|Any CPU
		{5DE89434-5ED2-410B-9309-AC4038DF89EA}.Release|Any CPU.ActiveCfg = Release|Any CPU
		{5DE89434-5ED2-410B-9309-AC4038DF89EA}.Release|Any CPU.Build.0 = Release|Any CPU
		{5DE89434-5ED2-410B-9309-AC4038DF89EA}.Release|x64.ActiveCfg = Release|Any CPU
		{5DE89434-5ED2-410B-9309-AC4038DF89EA}.Release|x64.Build.0 = Release|Any CPU
		{5DE89434-5ED2-410B-9309-AC4038DF89EA}.Release|x86.ActiveCfg = Release|Any CPU
		{5DE89434-5ED2-410B-9309-AC4038DF89EA}.Release|x86.Build.0 = Release|Any CPU
		{3661D318-DFF0-4B77-AA30-981ED83555DA}.Debug|Any CPU.ActiveCfg = Debug|Any CPU
		{3661D318-DFF0-4B77-AA30-981ED83555DA}.Debug|Any CPU.Build.0 = Debug|Any CPU
		{3661D318-DFF0-4B77-AA30-981ED83555DA}.Debug|x64.ActiveCfg = Debug|Any CPU
		{3661D318-DFF0-4B77-AA30-981ED83555DA}.Debug|x64.Build.0 = Debug|Any CPU
		{3661D318-DFF0-4B77-AA30-981ED83555DA}.Debug|x86.ActiveCfg = Debug|Any CPU
		{3661D318-DFF0-4B77-AA30-981ED83555DA}.Debug|x86.Build.0 = Debug|Any CPU
		{3661D318-DFF0-4B77-AA30-981ED83555DA}.Release|Any CPU.ActiveCfg = Release|Any CPU
		{3661D318-DFF0-4B77-AA30-981ED83555DA}.Release|Any CPU.Build.0 = Release|Any CPU
		{3661D318-DFF0-4B77-AA30-981ED83555DA}.Release|x64.ActiveCfg = Release|Any CPU
		{3661D318-DFF0-4B77-AA30-981ED83555DA}.Release|x64.Build.0 = Release|Any CPU
		{3661D318-DFF0-4B77-AA30-981ED83555DA}.Release|x86.ActiveCfg = Release|Any CPU
		{3661D318-DFF0-4B77-AA30-981ED83555DA}.Release|x86.Build.0 = Release|Any CPU
	EndGlobalSection
	GlobalSection(SolutionProperties) = preSolution
		HideSolutionNode = FALSE
	EndGlobalSection
	GlobalSection(NestedProjects) = preSolution
		{86507FF1-B5D1-410A-BADD-6D9DA1069913} = {5854FF58-B8C5-05C6-5BF2-ACE42193F22B}
		{0E020BE3-6933-4C9D-BC16-6ACFD200AB73} = {5854FF58-B8C5-05C6-5BF2-ACE42193F22B}
		{07C64879-08E8-44D5-95B1-D981298DC788} = {5854FF58-B8C5-05C6-5BF2-ACE42193F22B}
		{B00BE975-67DF-439A-9F5C-ADBBC2D839B8} = {5854FF58-B8C5-05C6-5BF2-ACE42193F22B}
		{5DE89434-5ED2-410B-9309-AC4038DF89EA} = {4F52FD11-658E-A102-6CD3-7D7C16FFA15B}
		{3661D318-DFF0-4B77-AA30-981ED83555DA} = {2CB42F12-E813-91B3-7D11-3220E40BEF4A}
	EndGlobalSection
EndGlobal
